
Microsoft Visual Studio Solution File, Format Version 12.00
# Visual Studio Version 17
VisualStudioVersion = 17.11.35312.102
MinimumVisualStudioVersion = 10.0.40219.1
Project("{FAE04EC0-301F-11D3-BF4B-00C04F79EFBC}") = "LAB1", "LAB1\LAB1.csproj", "{8CEDB24A-1098-496A-9DB6-7E6A421283FB}"
EndProject
Global
	GlobalSection(SolutionConfigurationPlatforms) = preSolution
		Debug|Any CPU = Debug|Any CPU
		Release|Any CPU = Release|Any CPU
	EndGlobalSection
	GlobalSection(ProjectConfigurationPlatforms) = postSolution
		{8CEDB24A-1098-496A-9DB6-7E6A421283FB}.Debug|Any CPU.ActiveCfg = Debug|Any CPU
		{8CEDB24A-1098-496A-9DB6-7E6A421283FB}.Debug|Any CPU.Build.0 = Debug|Any CPU
		{8CEDB24A-1098-496A-9DB6-7E6A421283FB}.Release|Any CPU.ActiveCfg = Release|Any CPU
		{8CEDB24A-1098-496A-9DB6-7E6A421283FB}.Release|Any CPU.Build.0 = Release|Any CPU
	EndGlobalSection
	GlobalSection(SolutionProperties) = preSolution
		HideSolutionNode = FALSE
	EndGlobalSection
	GlobalSection(ExtensibilityGlobals) = postSolution
		SolutionGuid = {33814B20-D9AC-4129-B8B7-59EF8C5556BC}
	EndGlobalSection
EndGlobal
